// !$*UTF8*$!
{
	archiveVersion = 1;
	classes = {
	};
	objectVersion = 50;
	objects = {

/* Begin PBXBuildFile section */
		13576BCD213C3C39002C953D /* AppDelegate.swift in Sources */ = {isa = PBXBuildFile; fileRef = 13576BCC213C3C39002C953D /* AppDelegate.swift */; };
		13576BD4213C3C3D002C953D /* Assets.xcassets in Resources */ = {isa = PBXBuildFile; fileRef = 13576BD3213C3C3D002C953D /* Assets.xcassets */; };
		13576BD7213C3C3D002C953D /* LaunchScreen.storyboard in Resources */ = {isa = PBXBuildFile; fileRef = 13576BD5213C3C3D002C953D /* LaunchScreen.storyboard */; };
		13576BE7213C3C83002C953D /* View.h in Headers */ = {isa = PBXBuildFile; fileRef = 13576BE5213C3C83002C953D /* View.h */; settings = {ATTRIBUTES = (Public, ); }; };
		13576BEA213C3C83002C953D /* View.framework in Frameworks */ = {isa = PBXBuildFile; fileRef = 13576BE3213C3C83002C953D /* View.framework */; };
		13576BEB213C3C83002C953D /* View.framework in Embed Frameworks */ = {isa = PBXBuildFile; fileRef = 13576BE3213C3C83002C953D /* View.framework */; settings = {ATTRIBUTES = (CodeSignOnCopy, RemoveHeadersOnCopy, ); }; };
		13576BF1213C3D02002C953D /* ContainerViewController.swift in Sources */ = {isa = PBXBuildFile; fileRef = 13576BF0213C3D02002C953D /* ContainerViewController.swift */; };
		13576BF3213C3EE1002C953D /* LoadingViewController.swift in Sources */ = {isa = PBXBuildFile; fileRef = 13576BF2213C3EE1002C953D /* LoadingViewController.swift */; };
		13576BF5213C3F74002C953D /* ErrorViewController.swift in Sources */ = {isa = PBXBuildFile; fileRef = 13576BF4213C3F74002C953D /* ErrorViewController.swift */; };
		13576BF7213C4012002C953D /* EmptyViewController.swift in Sources */ = {isa = PBXBuildFile; fileRef = 13576BF6213C4012002C953D /* EmptyViewController.swift */; };
		13576BFC213C40FD002C953D /* CarList.swift in Sources */ = {isa = PBXBuildFile; fileRef = 13576BFB213C40FD002C953D /* CarList.swift */; };
		13576BFF213C418E002C953D /* CarsTableViewController.swift in Sources */ = {isa = PBXBuildFile; fileRef = 13576BFE213C418E002C953D /* CarsTableViewController.swift */; };
		13576C01213C9821002C953D /* CarsListViewController.swift in Sources */ = {isa = PBXBuildFile; fileRef = 13576C00213C9821002C953D /* CarsListViewController.swift */; };
		13576C03213C9888002C953D /* Extensions.swift in Sources */ = {isa = PBXBuildFile; fileRef = 13576C02213C9888002C953D /* Extensions.swift */; };
		13576C072141DD01002C953D /* CarDetails.swift in Sources */ = {isa = PBXBuildFile; fileRef = 13576C062141DD01002C953D /* CarDetails.swift */; };
		13576C092141DD80002C953D /* CarDetailsInternalViewController.swift in Sources */ = {isa = PBXBuildFile; fileRef = 13576C082141DD80002C953D /* CarDetailsInternalViewController.swift */; };
		13576C0B2141DF21002C953D /* CarDetailsViewController.swift in Sources */ = {isa = PBXBuildFile; fileRef = 13576C0A2141DF21002C953D /* CarDetailsViewController.swift */; };
		13576C0D2141E1DA002C953D /* LoginViewController.swift in Sources */ = {isa = PBXBuildFile; fileRef = 13576C0C2141E1DA002C953D /* LoginViewController.swift */; };
		13576C0F2141E2CC002C953D /* UserViewController.swift in Sources */ = {isa = PBXBuildFile; fileRef = 13576C0E2141E2CC002C953D /* UserViewController.swift */; };
		1378B8F22143261B002CBA66 /* UserCoordinator.swift in Sources */ = {isa = PBXBuildFile; fileRef = 1378B8F12143261B002CBA66 /* UserCoordinator.swift */; };
		1378B8F4214326BC002CBA66 /* UserInternalViewController.swift in Sources */ = {isa = PBXBuildFile; fileRef = 1378B8F3214326BC002CBA66 /* UserInternalViewController.swift */; };
		1378B8FA214328DC002CBA66 /* NavigationCoordinator.swift in Sources */ = {isa = PBXBuildFile; fileRef = 1378B8F6214328DC002CBA66 /* NavigationCoordinator.swift */; };
		1378B8FB214328DC002CBA66 /* WindowCoordinator.swift in Sources */ = {isa = PBXBuildFile; fileRef = 1378B8F7214328DC002CBA66 /* WindowCoordinator.swift */; };
		1378B8FC214328DC002CBA66 /* TabBarCoordinator.swift in Sources */ = {isa = PBXBuildFile; fileRef = 1378B8F8214328DC002CBA66 /* TabBarCoordinator.swift */; };
		1378B8FD214328DC002CBA66 /* Coordinator.swift in Sources */ = {isa = PBXBuildFile; fileRef = 1378B8F9214328DC002CBA66 /* Coordinator.swift */; };
		1378B8FF21432E82002CBA66 /* Router.swift in Sources */ = {isa = PBXBuildFile; fileRef = 1378B8FE21432E82002CBA66 /* Router.swift */; };
		13CD83E1214204C4001FEE21 /* Coordinator.h in Headers */ = {isa = PBXBuildFile; fileRef = 13CD83DF214204C4001FEE21 /* Coordinator.h */; settings = {ATTRIBUTES = (Public, ); }; };
		13CD83E4214204C4001FEE21 /* Coordinator.framework in Frameworks */ = {isa = PBXBuildFile; fileRef = 13CD83DD214204C4001FEE21 /* Coordinator.framework */; };
		13CD83E5214204C4001FEE21 /* Coordinator.framework in Embed Frameworks */ = {isa = PBXBuildFile; fileRef = 13CD83DD214204C4001FEE21 /* Coordinator.framework */; settings = {ATTRIBUTES = (CodeSignOnCopy, RemoveHeadersOnCopy, ); }; };
		13CD83EA214204E7001FEE21 /* CarsListCoordinator.swift in Sources */ = {isa = PBXBuildFile; fileRef = 13CD83E9214204E7001FEE21 /* CarsListCoordinator.swift */; };
		13CD83F421420679001FEE21 /* Model.h in Headers */ = {isa = PBXBuildFile; fileRef = 13CD83F221420679001FEE21 /* Model.h */; settings = {ATTRIBUTES = (Public, ); }; };
		13CD83F721420679001FEE21 /* Model.framework in Frameworks */ = {isa = PBXBuildFile; fileRef = 13CD83F021420679001FEE21 /* Model.framework */; };
		13CD83F821420679001FEE21 /* Model.framework in Embed Frameworks */ = {isa = PBXBuildFile; fileRef = 13CD83F021420679001FEE21 /* Model.framework */; settings = {ATTRIBUTES = (CodeSignOnCopy, RemoveHeadersOnCopy, ); }; };
		13CD83FD21420698001FEE21 /* CarModel.swift in Sources */ = {isa = PBXBuildFile; fileRef = 13CD83FC21420698001FEE21 /* CarModel.swift */; };
		13CD83FF21420A31001FEE21 /* Model.framework in Frameworks */ = {isa = PBXBuildFile; fileRef = 13CD83F021420679001FEE21 /* Model.framework */; };
		13CD840021420A31001FEE21 /* View.framework in Frameworks */ = {isa = PBXBuildFile; fileRef = 13576BE3213C3C83002C953D /* View.framework */; };
		13CD840221420CD1001FEE21 /* CarDetailsCoordinator.swift in Sources */ = {isa = PBXBuildFile; fileRef = 13CD840121420CD1001FEE21 /* CarDetailsCoordinator.swift */; };
		13CD840421420E05001FEE21 /* LoginCoordinator.swift in Sources */ = {isa = PBXBuildFile; fileRef = 13CD840321420E05001FEE21 /* LoginCoordinator.swift */; };
		13CD840621420EF1001FEE21 /* UserModel.swift in Sources */ = {isa = PBXBuildFile; fileRef = 13CD840521420EF1001FEE21 /* UserModel.swift */; };
/* End PBXBuildFile section */

/* Begin PBXContainerItemProxy section */
		13576BE8213C3C83002C953D /* PBXContainerItemProxy */ = {
			isa = PBXContainerItemProxy;
			containerPortal = 13576BC1213C3C39002C953D /* Project object */;
			proxyType = 1;
			remoteGlobalIDString = 13576BE2213C3C83002C953D;
			remoteInfo = View;
		};
		13CD83E2214204C4001FEE21 /* PBXContainerItemProxy */ = {
			isa = PBXContainerItemProxy;
			containerPortal = 13576BC1213C3C39002C953D /* Project object */;
			proxyType = 1;
			remoteGlobalIDString = 13CD83DC214204C4001FEE21;
			remoteInfo = Coordinator;
		};
		13CD83F521420679001FEE21 /* PBXContainerItemProxy */ = {
			isa = PBXContainerItemProxy;
			containerPortal = 13576BC1213C3C39002C953D /* Project object */;
			proxyType = 1;
			remoteGlobalIDString = 13CD83EF21420679001FEE21;
			remoteInfo = Model;
		};
/* End PBXContainerItemProxy section */

/* Begin PBXCopyFilesBuildPhase section */
		13576BEF213C3C83002C953D /* Embed Frameworks */ = {
			isa = PBXCopyFilesBuildPhase;
			buildActionMask = 2147483647;
			dstPath = "";
			dstSubfolderSpec = 10;
			files = (
				13576BEB213C3C83002C953D /* View.framework in Embed Frameworks */,
				13CD83F821420679001FEE21 /* Model.framework in Embed Frameworks */,
				13CD83E5214204C4001FEE21 /* Coordinator.framework in Embed Frameworks */,
			);
			name = "Embed Frameworks";
			runOnlyForDeploymentPostprocessing = 0;
		};
/* End PBXCopyFilesBuildPhase section */

/* Begin PBXFileReference section */
		13576BC9213C3C39002C953D /* FluctuatNecMergitur.app */ = {isa = PBXFileReference; explicitFileType = wrapper.application; includeInIndex = 0; path = FluctuatNecMergitur.app; sourceTree = BUILT_PRODUCTS_DIR; };
		13576BCC213C3C39002C953D /* AppDelegate.swift */ = {isa = PBXFileReference; lastKnownFileType = sourcecode.swift; path = AppDelegate.swift; sourceTree = "<group>"; };
		13576BD3213C3C3D002C953D /* Assets.xcassets */ = {isa = PBXFileReference; lastKnownFileType = folder.assetcatalog; path = Assets.xcassets; sourceTree = "<group>"; };
		13576BD6213C3C3D002C953D /* Base */ = {isa = PBXFileReference; lastKnownFileType = file.storyboard; name = Base; path = Base.lproj/LaunchScreen.storyboard; sourceTree = "<group>"; };
		13576BD8213C3C3D002C953D /* Info.plist */ = {isa = PBXFileReference; lastKnownFileType = text.plist.xml; path = Info.plist; sourceTree = "<group>"; };
		13576BE3213C3C83002C953D /* View.framework */ = {isa = PBXFileReference; explicitFileType = wrapper.framework; includeInIndex = 0; path = View.framework; sourceTree = BUILT_PRODUCTS_DIR; };
		13576BE5213C3C83002C953D /* View.h */ = {isa = PBXFileReference; lastKnownFileType = sourcecode.c.h; path = View.h; sourceTree = "<group>"; };
		13576BE6213C3C83002C953D /* Info.plist */ = {isa = PBXFileReference; lastKnownFileType = text.plist.xml; path = Info.plist; sourceTree = "<group>"; };
		13576BF0213C3D02002C953D /* ContainerViewController.swift */ = {isa = PBXFileReference; lastKnownFileType = sourcecode.swift; path = ContainerViewController.swift; sourceTree = "<group>"; };
		13576BF2213C3EE1002C953D /* LoadingViewController.swift */ = {isa = PBXFileReference; lastKnownFileType = sourcecode.swift; path = LoadingViewController.swift; sourceTree = "<group>"; };
		13576BF4213C3F74002C953D /* ErrorViewController.swift */ = {isa = PBXFileReference; lastKnownFileType = sourcecode.swift; path = ErrorViewController.swift; sourceTree = "<group>"; };
		13576BF6213C4012002C953D /* EmptyViewController.swift */ = {isa = PBXFileReference; lastKnownFileType = sourcecode.swift; path = EmptyViewController.swift; sourceTree = "<group>"; };
		13576BFB213C40FD002C953D /* CarList.swift */ = {isa = PBXFileReference; lastKnownFileType = sourcecode.swift; path = CarList.swift; sourceTree = "<group>"; };
		13576BFE213C418E002C953D /* CarsTableViewController.swift */ = {isa = PBXFileReference; lastKnownFileType = sourcecode.swift; path = CarsTableViewController.swift; sourceTree = "<group>"; };
		13576C00213C9821002C953D /* CarsListViewController.swift */ = {isa = PBXFileReference; lastKnownFileType = sourcecode.swift; path = CarsListViewController.swift; sourceTree = "<group>"; };
		13576C02213C9888002C953D /* Extensions.swift */ = {isa = PBXFileReference; lastKnownFileType = sourcecode.swift; path = Extensions.swift; sourceTree = "<group>"; };
		13576C062141DD01002C953D /* CarDetails.swift */ = {isa = PBXFileReference; lastKnownFileType = sourcecode.swift; path = CarDetails.swift; sourceTree = "<group>"; };
		13576C082141DD80002C953D /* CarDetailsInternalViewController.swift */ = {isa = PBXFileReference; lastKnownFileType = sourcecode.swift; path = CarDetailsInternalViewController.swift; sourceTree = "<group>"; };
		13576C0A2141DF21002C953D /* CarDetailsViewController.swift */ = {isa = PBXFileReference; lastKnownFileType = sourcecode.swift; path = CarDetailsViewController.swift; sourceTree = "<group>"; };
		13576C0C2141E1DA002C953D /* LoginViewController.swift */ = {isa = PBXFileReference; lastKnownFileType = sourcecode.swift; path = LoginViewController.swift; sourceTree = "<group>"; };
		13576C0E2141E2CC002C953D /* UserViewController.swift */ = {isa = PBXFileReference; lastKnownFileType = sourcecode.swift; path = UserViewController.swift; sourceTree = "<group>"; };
		1378B8F12143261B002CBA66 /* UserCoordinator.swift */ = {isa = PBXFileReference; lastKnownFileType = sourcecode.swift; path = UserCoordinator.swift; sourceTree = "<group>"; };
		1378B8F3214326BC002CBA66 /* UserInternalViewController.swift */ = {isa = PBXFileReference; lastKnownFileType = sourcecode.swift; path = UserInternalViewController.swift; sourceTree = "<group>"; };
		1378B8F6214328DC002CBA66 /* NavigationCoordinator.swift */ = {isa = PBXFileReference; fileEncoding = 4; lastKnownFileType = sourcecode.swift; path = NavigationCoordinator.swift; sourceTree = "<group>"; };
		1378B8F7214328DC002CBA66 /* WindowCoordinator.swift */ = {isa = PBXFileReference; fileEncoding = 4; lastKnownFileType = sourcecode.swift; path = WindowCoordinator.swift; sourceTree = "<group>"; };
		1378B8F8214328DC002CBA66 /* TabBarCoordinator.swift */ = {isa = PBXFileReference; fileEncoding = 4; lastKnownFileType = sourcecode.swift; path = TabBarCoordinator.swift; sourceTree = "<group>"; };
		1378B8F9214328DC002CBA66 /* Coordinator.swift */ = {isa = PBXFileReference; fileEncoding = 4; lastKnownFileType = sourcecode.swift; path = Coordinator.swift; sourceTree = "<group>"; };
		1378B8FE21432E82002CBA66 /* Router.swift */ = {isa = PBXFileReference; lastKnownFileType = sourcecode.swift; path = Router.swift; sourceTree = "<group>"; };
		13CD83DD214204C4001FEE21 /* Coordinator.framework */ = {isa = PBXFileReference; explicitFileType = wrapper.framework; includeInIndex = 0; path = Coordinator.framework; sourceTree = BUILT_PRODUCTS_DIR; };
		13CD83DF214204C4001FEE21 /* Coordinator.h */ = {isa = PBXFileReference; lastKnownFileType = sourcecode.c.h; path = Coordinator.h; sourceTree = "<group>"; };
		13CD83E0214204C4001FEE21 /* Info.plist */ = {isa = PBXFileReference; lastKnownFileType = text.plist.xml; path = Info.plist; sourceTree = "<group>"; };
		13CD83E9214204E7001FEE21 /* CarsListCoordinator.swift */ = {isa = PBXFileReference; lastKnownFileType = sourcecode.swift; path = CarsListCoordinator.swift; sourceTree = "<group>"; };
		13CD83F021420679001FEE21 /* Model.framework */ = {isa = PBXFileReference; explicitFileType = wrapper.framework; includeInIndex = 0; path = Model.framework; sourceTree = BUILT_PRODUCTS_DIR; };
		13CD83F221420679001FEE21 /* Model.h */ = {isa = PBXFileReference; lastKnownFileType = sourcecode.c.h; path = Model.h; sourceTree = "<group>"; };
		13CD83F321420679001FEE21 /* Info.plist */ = {isa = PBXFileReference; lastKnownFileType = text.plist.xml; path = Info.plist; sourceTree = "<group>"; };
		13CD83FC21420698001FEE21 /* CarModel.swift */ = {isa = PBXFileReference; lastKnownFileType = sourcecode.swift; path = CarModel.swift; sourceTree = "<group>"; };
		13CD840121420CD1001FEE21 /* CarDetailsCoordinator.swift */ = {isa = PBXFileReference; lastKnownFileType = sourcecode.swift; path = CarDetailsCoordinator.swift; sourceTree = "<group>"; };
		13CD840321420E05001FEE21 /* LoginCoordinator.swift */ = {isa = PBXFileReference; lastKnownFileType = sourcecode.swift; path = LoginCoordinator.swift; sourceTree = "<group>"; };
		13CD840521420EF1001FEE21 /* UserModel.swift */ = {isa = PBXFileReference; lastKnownFileType = sourcecode.swift; path = UserModel.swift; sourceTree = "<group>"; };
/* End PBXFileReference section */

/* Begin PBXFrameworksBuildPhase section */
		13576BC6213C3C39002C953D /* Frameworks */ = {
			isa = PBXFrameworksBuildPhase;
			buildActionMask = 2147483647;
			files = (
				13576BEA213C3C83002C953D /* View.framework in Frameworks */,
				13CD83F721420679001FEE21 /* Model.framework in Frameworks */,
				13CD83E4214204C4001FEE21 /* Coordinator.framework in Frameworks */,
			);
			runOnlyForDeploymentPostprocessing = 0;
		};
		13576BDF213C3C83002C953D /* Frameworks */ = {
			isa = PBXFrameworksBuildPhase;
			buildActionMask = 2147483647;
			files = (
			);
			runOnlyForDeploymentPostprocessing = 0;
		};
		13CD83D9214204C4001FEE21 /* Frameworks */ = {
			isa = PBXFrameworksBuildPhase;
			buildActionMask = 2147483647;
			files = (
				13CD83FF21420A31001FEE21 /* Model.framework in Frameworks */,
				13CD840021420A31001FEE21 /* View.framework in Frameworks */,
			);
			runOnlyForDeploymentPostprocessing = 0;
		};
		13CD83EC21420679001FEE21 /* Frameworks */ = {
			isa = PBXFrameworksBuildPhase;
			buildActionMask = 2147483647;
			files = (
			);
			runOnlyForDeploymentPostprocessing = 0;
		};
/* End PBXFrameworksBuildPhase section */

/* Begin PBXGroup section */
		13576BC0213C3C39002C953D = {
			isa = PBXGroup;
			children = (
				13576BCB213C3C39002C953D /* FluctuatNecMergitur */,
				13576BE4213C3C83002C953D /* View */,
				13CD83DE214204C4001FEE21 /* Coordinator */,
				13CD83F121420679001FEE21 /* Model */,
				13576BCA213C3C39002C953D /* Products */,
				13CD83FE21420A31001FEE21 /* Frameworks */,
			);
			sourceTree = "<group>";
		};
		13576BCA213C3C39002C953D /* Products */ = {
			isa = PBXGroup;
			children = (
				13576BC9213C3C39002C953D /* FluctuatNecMergitur.app */,
				13576BE3213C3C83002C953D /* View.framework */,
				13CD83DD214204C4001FEE21 /* Coordinator.framework */,
				13CD83F021420679001FEE21 /* Model.framework */,
			);
			name = Products;
			sourceTree = "<group>";
		};
		13576BCB213C3C39002C953D /* FluctuatNecMergitur */ = {
			isa = PBXGroup;
			children = (
				13576BCC213C3C39002C953D /* AppDelegate.swift */,
				13576BD3213C3C3D002C953D /* Assets.xcassets */,
				13576BD5213C3C3D002C953D /* LaunchScreen.storyboard */,
				13576BD8213C3C3D002C953D /* Info.plist */,
				1378B8FE21432E82002CBA66 /* Router.swift */,
			);
			path = FluctuatNecMergitur;
			sourceTree = "<group>";
		};
		13576BE4213C3C83002C953D /* View */ = {
			isa = PBXGroup;
			children = (
				13576BE5213C3C83002C953D /* View.h */,
				13576BE6213C3C83002C953D /* Info.plist */,
				13576BF9213C4075002C953D /* Models */,
				13576BFA213C407E002C953D /* Screens */,
				13576BF8213C405F002C953D /* ViewControllers */,
				13576C02213C9888002C953D /* Extensions.swift */,
			);
			path = View;
			sourceTree = "<group>";
		};
		13576BF8213C405F002C953D /* ViewControllers */ = {
			isa = PBXGroup;
			children = (
				13576BFD213C416D002C953D /* Generic */,
				13576C082141DD80002C953D /* CarDetailsInternalViewController.swift */,
				13576BFE213C418E002C953D /* CarsTableViewController.swift */,
				1378B8F3214326BC002CBA66 /* UserInternalViewController.swift */,
			);
			path = ViewControllers;
			sourceTree = "<group>";
		};
		13576BF9213C4075002C953D /* Models */ = {
			isa = PBXGroup;
			children = (
				13576C062141DD01002C953D /* CarDetails.swift */,
				13576BFB213C40FD002C953D /* CarList.swift */,
			);
			path = Models;
			sourceTree = "<group>";
		};
		13576BFA213C407E002C953D /* Screens */ = {
			isa = PBXGroup;
			children = (
				13576C0A2141DF21002C953D /* CarDetailsViewController.swift */,
				13576C00213C9821002C953D /* CarsListViewController.swift */,
				13576C0C2141E1DA002C953D /* LoginViewController.swift */,
				13576C0E2141E2CC002C953D /* UserViewController.swift */,
			);
			path = Screens;
			sourceTree = "<group>";
		};
		13576BFD213C416D002C953D /* Generic */ = {
			isa = PBXGroup;
			children = (
				13576BF0213C3D02002C953D /* ContainerViewController.swift */,
				13576BF6213C4012002C953D /* EmptyViewController.swift */,
				13576BF4213C3F74002C953D /* ErrorViewController.swift */,
				13576BF2213C3EE1002C953D /* LoadingViewController.swift */,
			);
			path = Generic;
			sourceTree = "<group>";
		};
		1378B8F5214328BD002CBA66 /* Definitions */ = {
			isa = PBXGroup;
			children = (
				1378B8F9214328DC002CBA66 /* Coordinator.swift */,
				1378B8F6214328DC002CBA66 /* NavigationCoordinator.swift */,
				1378B8F8214328DC002CBA66 /* TabBarCoordinator.swift */,
				1378B8F7214328DC002CBA66 /* WindowCoordinator.swift */,
			);
			path = Definitions;
			sourceTree = "<group>";
		};
		13CD83DE214204C4001FEE21 /* Coordinator */ = {
			isa = PBXGroup;
			children = (
				1378B8F5214328BD002CBA66 /* Definitions */,
				13CD83DF214204C4001FEE21 /* Coordinator.h */,
				13CD83E0214204C4001FEE21 /* Info.plist */,
				13CD840121420CD1001FEE21 /* CarDetailsCoordinator.swift */,
				13CD83E9214204E7001FEE21 /* CarsListCoordinator.swift */,
				13CD840321420E05001FEE21 /* LoginCoordinator.swift */,
				1378B8F12143261B002CBA66 /* UserCoordinator.swift */,
			);
			path = Coordinator;
			sourceTree = "<group>";
		};
		13CD83F121420679001FEE21 /* Model */ = {
			isa = PBXGroup;
			children = (
				13CD83F221420679001FEE21 /* Model.h */,
				13CD83F321420679001FEE21 /* Info.plist */,
				13CD83FC21420698001FEE21 /* CarModel.swift */,
				13CD840521420EF1001FEE21 /* UserModel.swift */,
			);
			path = Model;
			sourceTree = "<group>";
		};
		13CD83FE21420A31001FEE21 /* Frameworks */ = {
			isa = PBXGroup;
			children = (
			);
			name = Frameworks;
			sourceTree = "<group>";
		};
/* End PBXGroup section */

/* Begin PBXHeadersBuildPhase section */
		13576BE0213C3C83002C953D /* Headers */ = {
			isa = PBXHeadersBuildPhase;
			buildActionMask = 2147483647;
			files = (
				13576BE7213C3C83002C953D /* View.h in Headers */,
			);
			runOnlyForDeploymentPostprocessing = 0;
		};
		13CD83DA214204C4001FEE21 /* Headers */ = {
			isa = PBXHeadersBuildPhase;
			buildActionMask = 2147483647;
			files = (
				13CD83E1214204C4001FEE21 /* Coordinator.h in Headers */,
			);
			runOnlyForDeploymentPostprocessing = 0;
		};
		13CD83ED21420679001FEE21 /* Headers */ = {
			isa = PBXHeadersBuildPhase;
			buildActionMask = 2147483647;
			files = (
				13CD83F421420679001FEE21 /* Model.h in Headers */,
			);
			runOnlyForDeploymentPostprocessing = 0;
		};
/* End PBXHeadersBuildPhase section */

/* Begin PBXNativeTarget section */
		13576BC8213C3C39002C953D /* FluctuatNecMergitur */ = {
			isa = PBXNativeTarget;
			buildConfigurationList = 13576BDB213C3C3D002C953D /* Build configuration list for PBXNativeTarget "FluctuatNecMergitur" */;
			buildPhases = (
				13576BC5213C3C39002C953D /* Sources */,
				13576BC6213C3C39002C953D /* Frameworks */,
				13576BC7213C3C39002C953D /* Resources */,
				13576BEF213C3C83002C953D /* Embed Frameworks */,
			);
			buildRules = (
			);
			dependencies = (
				13576BE9213C3C83002C953D /* PBXTargetDependency */,
				13CD83E3214204C4001FEE21 /* PBXTargetDependency */,
				13CD83F621420679001FEE21 /* PBXTargetDependency */,
			);
			name = FluctuatNecMergitur;
			productName = FluctuatNecMergitur;
			productReference = 13576BC9213C3C39002C953D /* FluctuatNecMergitur.app */;
			productType = "com.apple.product-type.application";
		};
		13576BE2213C3C83002C953D /* View */ = {
			isa = PBXNativeTarget;
			buildConfigurationList = 13576BEC213C3C83002C953D /* Build configuration list for PBXNativeTarget "View" */;
			buildPhases = (
				13576BDE213C3C83002C953D /* Sources */,
				13576BDF213C3C83002C953D /* Frameworks */,
				13576BE0213C3C83002C953D /* Headers */,
				13576BE1213C3C83002C953D /* Resources */,
			);
			buildRules = (
			);
			dependencies = (
			);
			name = View;
			productName = View;
			productReference = 13576BE3213C3C83002C953D /* View.framework */;
			productType = "com.apple.product-type.framework";
		};
		13CD83DC214204C4001FEE21 /* Coordinator */ = {
			isa = PBXNativeTarget;
			buildConfigurationList = 13CD83E8214204C4001FEE21 /* Build configuration list for PBXNativeTarget "Coordinator" */;
			buildPhases = (
				13CD83D8214204C4001FEE21 /* Sources */,
				13CD83D9214204C4001FEE21 /* Frameworks */,
				13CD83DA214204C4001FEE21 /* Headers */,
				13CD83DB214204C4001FEE21 /* Resources */,
			);
			buildRules = (
			);
			dependencies = (
			);
			name = Coordinator;
			productName = Coordinator;
			productReference = 13CD83DD214204C4001FEE21 /* Coordinator.framework */;
			productType = "com.apple.product-type.framework";
		};
		13CD83EF21420679001FEE21 /* Model */ = {
			isa = PBXNativeTarget;
			buildConfigurationList = 13CD83F921420679001FEE21 /* Build configuration list for PBXNativeTarget "Model" */;
			buildPhases = (
				13CD83EB21420679001FEE21 /* Sources */,
				13CD83EC21420679001FEE21 /* Frameworks */,
				13CD83ED21420679001FEE21 /* Headers */,
				13CD83EE21420679001FEE21 /* Resources */,
			);
			buildRules = (
			);
			dependencies = (
			);
			name = Model;
			productName = Model;
			productReference = 13CD83F021420679001FEE21 /* Model.framework */;
			productType = "com.apple.product-type.framework";
		};
/* End PBXNativeTarget section */

/* Begin PBXProject section */
		13576BC1213C3C39002C953D /* Project object */ = {
			isa = PBXProject;
			attributes = {
				LastSwiftUpdateCheck = 0940;
				LastUpgradeCheck = 0940;
				ORGANIZATIONNAME = "Grégoire Lhotellier";
				TargetAttributes = {
					13576BC8213C3C39002C953D = {
						CreatedOnToolsVersion = 9.4.1;
					};
					13576BE2213C3C83002C953D = {
						CreatedOnToolsVersion = 9.4.1;
						LastSwiftMigration = 0940;
					};
					13CD83DC214204C4001FEE21 = {
						CreatedOnToolsVersion = 9.4.1;
						LastSwiftMigration = 0940;
					};
					13CD83EF21420679001FEE21 = {
						CreatedOnToolsVersion = 9.4.1;
						LastSwiftMigration = 0940;
					};
				};
			};
			buildConfigurationList = 13576BC4213C3C39002C953D /* Build configuration list for PBXProject "FluctuatNecMergitur" */;
			compatibilityVersion = "Xcode 9.3";
			developmentRegion = en;
			hasScannedForEncodings = 0;
			knownRegions = (
				en,
				Base,
			);
			mainGroup = 13576BC0213C3C39002C953D;
			productRefGroup = 13576BCA213C3C39002C953D /* Products */;
			projectDirPath = "";
			projectRoot = "";
			targets = (
				13576BC8213C3C39002C953D /* FluctuatNecMergitur */,
				13576BE2213C3C83002C953D /* View */,
				13CD83DC214204C4001FEE21 /* Coordinator */,
				13CD83EF21420679001FEE21 /* Model */,
			);
		};
/* End PBXProject section */

/* Begin PBXResourcesBuildPhase section */
		13576BC7213C3C39002C953D /* Resources */ = {
			isa = PBXResourcesBuildPhase;
			buildActionMask = 2147483647;
			files = (
				13576BD7213C3C3D002C953D /* LaunchScreen.storyboard in Resources */,
				13576BD4213C3C3D002C953D /* Assets.xcassets in Resources */,
			);
			runOnlyForDeploymentPostprocessing = 0;
		};
		13576BE1213C3C83002C953D /* Resources */ = {
			isa = PBXResourcesBuildPhase;
			buildActionMask = 2147483647;
			files = (
			);
			runOnlyForDeploymentPostprocessing = 0;
		};
		13CD83DB214204C4001FEE21 /* Resources */ = {
			isa = PBXResourcesBuildPhase;
			buildActionMask = 2147483647;
			files = (
			);
			runOnlyForDeploymentPostprocessing = 0;
		};
		13CD83EE21420679001FEE21 /* Resources */ = {
			isa = PBXResourcesBuildPhase;
			buildActionMask = 2147483647;
			files = (
			);
			runOnlyForDeploymentPostprocessing = 0;
		};
/* End PBXResourcesBuildPhase section */

/* Begin PBXSourcesBuildPhase section */
		13576BC5213C3C39002C953D /* Sources */ = {
			isa = PBXSourcesBuildPhase;
			buildActionMask = 2147483647;
			files = (
				1378B8FF21432E82002CBA66 /* Router.swift in Sources */,
				13576BCD213C3C39002C953D /* AppDelegate.swift in Sources */,
			);
			runOnlyForDeploymentPostprocessing = 0;
		};
		13576BDE213C3C83002C953D /* Sources */ = {
			isa = PBXSourcesBuildPhase;
			buildActionMask = 2147483647;
			files = (
				13576C0D2141E1DA002C953D /* LoginViewController.swift in Sources */,
				13576C072141DD01002C953D /* CarDetails.swift in Sources */,
				13576C0F2141E2CC002C953D /* UserViewController.swift in Sources */,
				13576C0B2141DF21002C953D /* CarDetailsViewController.swift in Sources */,
				13576C01213C9821002C953D /* CarsListViewController.swift in Sources */,
				13576BFC213C40FD002C953D /* CarList.swift in Sources */,
				13576BF1213C3D02002C953D /* ContainerViewController.swift in Sources */,
				13576C03213C9888002C953D /* Extensions.swift in Sources */,
				13576C092141DD80002C953D /* CarDetailsInternalViewController.swift in Sources */,
				13576BF5213C3F74002C953D /* ErrorViewController.swift in Sources */,
				1378B8F4214326BC002CBA66 /* UserInternalViewController.swift in Sources */,
				13576BF7213C4012002C953D /* EmptyViewController.swift in Sources */,
				13576BFF213C418E002C953D /* CarsTableViewController.swift in Sources */,
				13576BF3213C3EE1002C953D /* LoadingViewController.swift in Sources */,
			);
			runOnlyForDeploymentPostprocessing = 0;
		};
		13CD83D8214204C4001FEE21 /* Sources */ = {
			isa = PBXSourcesBuildPhase;
			buildActionMask = 2147483647;
			files = (
				1378B8FD214328DC002CBA66 /* Coordinator.swift in Sources */,
				13CD840421420E05001FEE21 /* LoginCoordinator.swift in Sources */,
				13CD840221420CD1001FEE21 /* CarDetailsCoordinator.swift in Sources */,
				1378B8FB214328DC002CBA66 /* WindowCoordinator.swift in Sources */,
				1378B8FC214328DC002CBA66 /* TabBarCoordinator.swift in Sources */,
				13CD83EA214204E7001FEE21 /* CarsListCoordinator.swift in Sources */,
				1378B8FA214328DC002CBA66 /* NavigationCoordinator.swift in Sources */,
				1378B8F22143261B002CBA66 /* UserCoordinator.swift in Sources */,
			);
			runOnlyForDeploymentPostprocessing = 0;
		};
		13CD83EB21420679001FEE21 /* Sources */ = {
			isa = PBXSourcesBuildPhase;
			buildActionMask = 2147483647;
			files = (
				13CD840621420EF1001FEE21 /* UserModel.swift in Sources */,
				13CD83FD21420698001FEE21 /* CarModel.swift in Sources */,
			);
			runOnlyForDeploymentPostprocessing = 0;
		};
/* End PBXSourcesBuildPhase section */

/* Begin PBXTargetDependency section */
		13576BE9213C3C83002C953D /* PBXTargetDependency */ = {
			isa = PBXTargetDependency;
			target = 13576BE2213C3C83002C953D /* View */;
			targetProxy = 13576BE8213C3C83002C953D /* PBXContainerItemProxy */;
		};
		13CD83E3214204C4001FEE21 /* PBXTargetDependency */ = {
			isa = PBXTargetDependency;
			target = 13CD83DC214204C4001FEE21 /* Coordinator */;
			targetProxy = 13CD83E2214204C4001FEE21 /* PBXContainerItemProxy */;
		};
		13CD83F621420679001FEE21 /* PBXTargetDependency */ = {
			isa = PBXTargetDependency;
			target = 13CD83EF21420679001FEE21 /* Model */;
			targetProxy = 13CD83F521420679001FEE21 /* PBXContainerItemProxy */;
		};
/* End PBXTargetDependency section */

/* Begin PBXVariantGroup section */
		13576BD5213C3C3D002C953D /* LaunchScreen.storyboard */ = {
			isa = PBXVariantGroup;
			children = (
				13576BD6213C3C3D002C953D /* Base */,
			);
			name = LaunchScreen.storyboard;
			sourceTree = "<group>";
		};
/* End PBXVariantGroup section */

/* Begin XCBuildConfiguration section */
		13576BD9213C3C3D002C953D /* Debug */ = {
			isa = XCBuildConfiguration;
			buildSettings = {
				ALWAYS_SEARCH_USER_PATHS = NO;
				CLANG_ANALYZER_NONNULL = YES;
				CLANG_ANALYZER_NUMBER_OBJECT_CONVERSION = YES_AGGRESSIVE;
				CLANG_CXX_LANGUAGE_STANDARD = "gnu++14";
				CLANG_CXX_LIBRARY = "libc++";
				CLANG_ENABLE_MODULES = YES;
				CLANG_ENABLE_OBJC_ARC = YES;
				CLANG_ENABLE_OBJC_WEAK = YES;
				CLANG_WARN_BLOCK_CAPTURE_AUTORELEASING = YES;
				CLANG_WARN_BOOL_CONVERSION = YES;
				CLANG_WARN_COMMA = YES;
				CLANG_WARN_CONSTANT_CONVERSION = YES;
				CLANG_WARN_DEPRECATED_OBJC_IMPLEMENTATIONS = YES;
				CLANG_WARN_DIRECT_OBJC_ISA_USAGE = YES_ERROR;
				CLANG_WARN_DOCUMENTATION_COMMENTS = YES;
				CLANG_WARN_EMPTY_BODY = YES;
				CLANG_WARN_ENUM_CONVERSION = YES;
				CLANG_WARN_INFINITE_RECURSION = YES;
				CLANG_WARN_INT_CONVERSION = YES;
				CLANG_WARN_NON_LITERAL_NULL_CONVERSION = YES;
				CLANG_WARN_OBJC_IMPLICIT_RETAIN_SELF = YES;
				CLANG_WARN_OBJC_LITERAL_CONVERSION = YES;
				CLANG_WARN_OBJC_ROOT_CLASS = YES_ERROR;
				CLANG_WARN_RANGE_LOOP_ANALYSIS = YES;
				CLANG_WARN_STRICT_PROTOTYPES = YES;
				CLANG_WARN_SUSPICIOUS_MOVE = YES;
				CLANG_WARN_UNGUARDED_AVAILABILITY = YES_AGGRESSIVE;
				CLANG_WARN_UNREACHABLE_CODE = YES;
				CLANG_WARN__DUPLICATE_METHOD_MATCH = YES;
				CODE_SIGN_IDENTITY = "iPhone Developer";
				COPY_PHASE_STRIP = NO;
				DEBUG_INFORMATION_FORMAT = dwarf;
				ENABLE_STRICT_OBJC_MSGSEND = YES;
				ENABLE_TESTABILITY = YES;
				GCC_C_LANGUAGE_STANDARD = gnu11;
				GCC_DYNAMIC_NO_PIC = NO;
				GCC_NO_COMMON_BLOCKS = YES;
				GCC_OPTIMIZATION_LEVEL = 0;
				GCC_PREPROCESSOR_DEFINITIONS = (
					"DEBUG=1",
					"$(inherited)",
				);
				GCC_WARN_64_TO_32_BIT_CONVERSION = YES;
				GCC_WARN_ABOUT_RETURN_TYPE = YES_ERROR;
				GCC_WARN_UNDECLARED_SELECTOR = YES;
				GCC_WARN_UNINITIALIZED_AUTOS = YES_AGGRESSIVE;
				GCC_WARN_UNUSED_FUNCTION = YES;
				GCC_WARN_UNUSED_VARIABLE = YES;
				IPHONEOS_DEPLOYMENT_TARGET = 11.4;
				MTL_ENABLE_DEBUG_INFO = YES;
				ONLY_ACTIVE_ARCH = YES;
				SDKROOT = iphoneos;
				SWIFT_ACTIVE_COMPILATION_CONDITIONS = DEBUG;
				SWIFT_OPTIMIZATION_LEVEL = "-Onone";
			};
			name = Debug;
		};
		13576BDA213C3C3D002C953D /* Release */ = {
			isa = XCBuildConfiguration;
			buildSettings = {
				ALWAYS_SEARCH_USER_PATHS = NO;
				CLANG_ANALYZER_NONNULL = YES;
				CLANG_ANALYZER_NUMBER_OBJECT_CONVERSION = YES_AGGRESSIVE;
				CLANG_CXX_LANGUAGE_STANDARD = "gnu++14";
				CLANG_CXX_LIBRARY = "libc++";
				CLANG_ENABLE_MODULES = YES;
				CLANG_ENABLE_OBJC_ARC = YES;
				CLANG_ENABLE_OBJC_WEAK = YES;
				CLANG_WARN_BLOCK_CAPTURE_AUTORELEASING = YES;
				CLANG_WARN_BOOL_CONVERSION = YES;
				CLANG_WARN_COMMA = YES;
				CLANG_WARN_CONSTANT_CONVERSION = YES;
				CLANG_WARN_DEPRECATED_OBJC_IMPLEMENTATIONS = YES;
				CLANG_WARN_DIRECT_OBJC_ISA_USAGE = YES_ERROR;
				CLANG_WARN_DOCUMENTATION_COMMENTS = YES;
				CLANG_WARN_EMPTY_BODY = YES;
				CLANG_WARN_ENUM_CONVERSION = YES;
				CLANG_WARN_INFINITE_RECURSION = YES;
				CLANG_WARN_INT_CONVERSION = YES;
				CLANG_WARN_NON_LITERAL_NULL_CONVERSION = YES;
				CLANG_WARN_OBJC_IMPLICIT_RETAIN_SELF = YES;
				CLANG_WARN_OBJC_LITERAL_CONVERSION = YES;
				CLANG_WARN_OBJC_ROOT_CLASS = YES_ERROR;
				CLANG_WARN_RANGE_LOOP_ANALYSIS = YES;
				CLANG_WARN_STRICT_PROTOTYPES = YES;
				CLANG_WARN_SUSPICIOUS_MOVE = YES;
				CLANG_WARN_UNGUARDED_AVAILABILITY = YES_AGGRESSIVE;
				CLANG_WARN_UNREACHABLE_CODE = YES;
				CLANG_WARN__DUPLICATE_METHOD_MATCH = YES;
				CODE_SIGN_IDENTITY = "iPhone Developer";
				COPY_PHASE_STRIP = NO;
				DEBUG_INFORMATION_FORMAT = "dwarf-with-dsym";
				ENABLE_NS_ASSERTIONS = NO;
				ENABLE_STRICT_OBJC_MSGSEND = YES;
				GCC_C_LANGUAGE_STANDARD = gnu11;
				GCC_NO_COMMON_BLOCKS = YES;
				GCC_WARN_64_TO_32_BIT_CONVERSION = YES;
				GCC_WARN_ABOUT_RETURN_TYPE = YES_ERROR;
				GCC_WARN_UNDECLARED_SELECTOR = YES;
				GCC_WARN_UNINITIALIZED_AUTOS = YES_AGGRESSIVE;
				GCC_WARN_UNUSED_FUNCTION = YES;
				GCC_WARN_UNUSED_VARIABLE = YES;
				IPHONEOS_DEPLOYMENT_TARGET = 11.4;
				MTL_ENABLE_DEBUG_INFO = NO;
				SDKROOT = iphoneos;
				SWIFT_COMPILATION_MODE = wholemodule;
				SWIFT_OPTIMIZATION_LEVEL = "-O";
				VALIDATE_PRODUCT = YES;
			};
			name = Release;
		};
		13576BDC213C3C3D002C953D /* Debug */ = {
			isa = XCBuildConfiguration;
			buildSettings = {
				ALWAYS_EMBED_SWIFT_STANDARD_LIBRARIES = YES;
				ASSETCATALOG_COMPILER_APPICON_NAME = AppIcon;
				CODE_SIGN_STYLE = Automatic;
				INFOPLIST_FILE = FluctuatNecMergitur/Info.plist;
				LD_RUNPATH_SEARCH_PATHS = (
					"$(inherited)",
					"@executable_path/Frameworks",
				);
				PRODUCT_BUNDLE_IDENTIFIER = greg3z.FluctuatNecMergitur;
				PRODUCT_NAME = "$(TARGET_NAME)";
				SWIFT_VERSION = 4.0;
				TARGETED_DEVICE_FAMILY = "1,2";
			};
			name = Debug;
		};
		13576BDD213C3C3D002C953D /* Release */ = {
			isa = XCBuildConfiguration;
			buildSettings = {
				ALWAYS_EMBED_SWIFT_STANDARD_LIBRARIES = YES;
				ASSETCATALOG_COMPILER_APPICON_NAME = AppIcon;
				CODE_SIGN_STYLE = Automatic;
				INFOPLIST_FILE = FluctuatNecMergitur/Info.plist;
				LD_RUNPATH_SEARCH_PATHS = (
					"$(inherited)",
					"@executable_path/Frameworks",
				);
				PRODUCT_BUNDLE_IDENTIFIER = greg3z.FluctuatNecMergitur;
				PRODUCT_NAME = "$(TARGET_NAME)";
				SWIFT_VERSION = 4.0;
				TARGETED_DEVICE_FAMILY = "1,2";
			};
			name = Release;
		};
		13576BED213C3C83002C953D /* Debug */ = {
			isa = XCBuildConfiguration;
			buildSettings = {
				CLANG_ENABLE_MODULES = YES;
				CODE_SIGN_IDENTITY = "";
				CODE_SIGN_STYLE = Automatic;
				CURRENT_PROJECT_VERSION = 1;
				DEFINES_MODULE = YES;
				DYLIB_COMPATIBILITY_VERSION = 1;
				DYLIB_CURRENT_VERSION = 1;
				DYLIB_INSTALL_NAME_BASE = "@rpath";
				INFOPLIST_FILE = View/Info.plist;
				INSTALL_PATH = "$(LOCAL_LIBRARY_DIR)/Frameworks";
				LD_RUNPATH_SEARCH_PATHS = (
					"$(inherited)",
					"@executable_path/Frameworks",
					"@loader_path/Frameworks",
				);
				PRODUCT_BUNDLE_IDENTIFIER = greg3z.View;
				PRODUCT_NAME = "$(TARGET_NAME:c99extidentifier)";
				SKIP_INSTALL = YES;
				SWIFT_OPTIMIZATION_LEVEL = "-Onone";
				SWIFT_VERSION = 4.0;
				TARGETED_DEVICE_FAMILY = "1,2";
				VERSIONING_SYSTEM = "apple-generic";
				VERSION_INFO_PREFIX = "";
			};
			name = Debug;
		};
		13576BEE213C3C83002C953D /* Release */ = {
			isa = XCBuildConfiguration;
			buildSettings = {
				CLANG_ENABLE_MODULES = YES;
				CODE_SIGN_IDENTITY = "";
				CODE_SIGN_STYLE = Automatic;
				CURRENT_PROJECT_VERSION = 1;
				DEFINES_MODULE = YES;
				DYLIB_COMPATIBILITY_VERSION = 1;
				DYLIB_CURRENT_VERSION = 1;
				DYLIB_INSTALL_NAME_BASE = "@rpath";
				INFOPLIST_FILE = View/Info.plist;
				INSTALL_PATH = "$(LOCAL_LIBRARY_DIR)/Frameworks";
				LD_RUNPATH_SEARCH_PATHS = (
					"$(inherited)",
					"@executable_path/Frameworks",
					"@loader_path/Frameworks",
				);
				PRODUCT_BUNDLE_IDENTIFIER = greg3z.View;
				PRODUCT_NAME = "$(TARGET_NAME:c99extidentifier)";
				SKIP_INSTALL = YES;
				SWIFT_VERSION = 4.0;
				TARGETED_DEVICE_FAMILY = "1,2";
				VERSIONING_SYSTEM = "apple-generic";
				VERSION_INFO_PREFIX = "";
			};
			name = Release;
		};
		13CD83E6214204C4001FEE21 /* Debug */ = {
			isa = XCBuildConfiguration;
			buildSettings = {
				CLANG_ENABLE_MODULES = YES;
				CODE_SIGN_IDENTITY = "";
				CODE_SIGN_STYLE = Automatic;
				CURRENT_PROJECT_VERSION = 1;
				DEFINES_MODULE = YES;
				DYLIB_COMPATIBILITY_VERSION = 1;
				DYLIB_CURRENT_VERSION = 1;
				DYLIB_INSTALL_NAME_BASE = "@rpath";
				INFOPLIST_FILE = Coordinator/Info.plist;
				INSTALL_PATH = "$(LOCAL_LIBRARY_DIR)/Frameworks";
				LD_RUNPATH_SEARCH_PATHS = (
					"$(inherited)",
					"@executable_path/Frameworks",
					"@loader_path/Frameworks",
				);
				PRODUCT_BUNDLE_IDENTIFIER = greg3z.Coordinator;
				PRODUCT_NAME = "$(TARGET_NAME:c99extidentifier)";
				SKIP_INSTALL = YES;
				SWIFT_OPTIMIZATION_LEVEL = "-Onone";
				SWIFT_VERSION = 4.0;
				TARGETED_DEVICE_FAMILY = "1,2";
				VERSIONING_SYSTEM = "apple-generic";
				VERSION_INFO_PREFIX = "";
			};
			name = Debug;
		};
		13CD83E7214204C4001FEE21 /* Release */ = {
			isa = XCBuildConfiguration;
			buildSettings = {
				CLANG_ENABLE_MODULES = YES;
				CODE_SIGN_IDENTITY = "";
				CODE_SIGN_STYLE = Automatic;
				CURRENT_PROJECT_VERSION = 1;
				DEFINES_MODULE = YES;
				DYLIB_COMPATIBILITY_VERSION = 1;
				DYLIB_CURRENT_VERSION = 1;
				DYLIB_INSTALL_NAME_BASE = "@rpath";
				INFOPLIST_FILE = Coordinator/Info.plist;
				INSTALL_PATH = "$(LOCAL_LIBRARY_DIR)/Frameworks";
				LD_RUNPATH_SEARCH_PATHS = (
					"$(inherited)",
					"@executable_path/Frameworks",
					"@loader_path/Frameworks",
				);
				PRODUCT_BUNDLE_IDENTIFIER = greg3z.Coordinator;
				PRODUCT_NAME = "$(TARGET_NAME:c99extidentifier)";
				SKIP_INSTALL = YES;
				SWIFT_VERSION = 4.0;
				TARGETED_DEVICE_FAMILY = "1,2";
				VERSIONING_SYSTEM = "apple-generic";
				VERSION_INFO_PREFIX = "";
			};
			name = Release;
		};
		13CD83FA21420679001FEE21 /* Debug */ = {
			isa = XCBuildConfiguration;
			buildSettings = {
				CLANG_ENABLE_MODULES = YES;
				CODE_SIGN_IDENTITY = "";
				CODE_SIGN_STYLE = Automatic;
				CURRENT_PROJECT_VERSION = 1;
				DEFINES_MODULE = YES;
				DYLIB_COMPATIBILITY_VERSION = 1;
				DYLIB_CURRENT_VERSION = 1;
				DYLIB_INSTALL_NAME_BASE = "@rpath";
				INFOPLIST_FILE = Model/Info.plist;
				INSTALL_PATH = "$(LOCAL_LIBRARY_DIR)/Frameworks";
				LD_RUNPATH_SEARCH_PATHS = (
					"$(inherited)",
					"@executable_path/Frameworks",
					"@loader_path/Frameworks",
				);
				PRODUCT_BUNDLE_IDENTIFIER = greg3z.Model;
				PRODUCT_NAME = "$(TARGET_NAME:c99extidentifier)";
				SKIP_INSTALL = YES;
				SWIFT_OPTIMIZATION_LEVEL = "-Onone";
				SWIFT_VERSION = 4.0;
				TARGETED_DEVICE_FAMILY = "1,2";
				VERSIONING_SYSTEM = "apple-generic";
				VERSION_INFO_PREFIX = "";
			};
			name = Debug;
		};
		13CD83FB21420679001FEE21 /* Release */ = {
			isa = XCBuildConfiguration;
			buildSettings = {
				CLANG_ENABLE_MODULES = YES;
				CODE_SIGN_IDENTITY = "";
				CODE_SIGN_STYLE = Automatic;
				CURRENT_PROJECT_VERSION = 1;
				DEFINES_MODULE = YES;
				DYLIB_COMPATIBILITY_VERSION = 1;
				DYLIB_CURRENT_VERSION = 1;
				DYLIB_INSTALL_NAME_BASE = "@rpath";
				INFOPLIST_FILE = Model/Info.plist;
				INSTALL_PATH = "$(LOCAL_LIBRARY_DIR)/Frameworks";
				LD_RUNPATH_SEARCH_PATHS = (
					"$(inherited)",
					"@executable_path/Frameworks",
					"@loader_path/Frameworks",
				);
				PRODUCT_BUNDLE_IDENTIFIER = greg3z.Model;
				PRODUCT_NAME = "$(TARGET_NAME:c99extidentifier)";
				SKIP_INSTALL = YES;
				SWIFT_VERSION = 4.0;
				TARGETED_DEVICE_FAMILY = "1,2";
				VERSIONING_SYSTEM = "apple-generic";
				VERSION_INFO_PREFIX = "";
			};
			name = Release;
		};
/* End XCBuildConfiguration section */

/* Begin XCConfigurationList section */
		13576BC4213C3C39002C953D /* Build configuration list for PBXProject "FluctuatNecMergitur" */ = {
			isa = XCConfigurationList;
			buildConfigurations = (
				13576BD9213C3C3D002C953D /* Debug */,
				13576BDA213C3C3D002C953D /* Release */,
			);
			defaultConfigurationIsVisible = 0;
			defaultConfigurationName = Release;
		};
		13576BDB213C3C3D002C953D /* Build configuration list for PBXNativeTarget "FluctuatNecMergitur" */ = {
			isa = XCConfigurationList;
			buildConfigurations = (
				13576BDC213C3C3D002C953D /* Debug */,
				13576BDD213C3C3D002C953D /* Release */,
			);
			defaultConfigurationIsVisible = 0;
			defaultConfigurationName = Release;
		};
		13576BEC213C3C83002C953D /* Build configuration list for PBXNativeTarget "View" */ = {
			isa = XCConfigurationList;
			buildConfigurations = (
				13576BED213C3C83002C953D /* Debug */,
				13576BEE213C3C83002C953D /* Release */,
			);
			defaultConfigurationIsVisible = 0;
			defaultConfigurationName = Release;
		};
		13CD83E8214204C4001FEE21 /* Build configuration list for PBXNativeTarget "Coordinator" */ = {
			isa = XCConfigurationList;
			buildConfigurations = (
				13CD83E6214204C4001FEE21 /* Debug */,
				13CD83E7214204C4001FEE21 /* Release */,
			);
			defaultConfigurationIsVisible = 0;
			defaultConfigurationName = Release;
		};
		13CD83F921420679001FEE21 /* Build configuration list for PBXNativeTarget "Model" */ = {
			isa = XCConfigurationList;
			buildConfigurations = (
				13CD83FA21420679001FEE21 /* Debug */,
				13CD83FB21420679001FEE21 /* Release */,
			);
			defaultConfigurationIsVisible = 0;
			defaultConfigurationName = Release;
		};
/* End XCConfigurationList section */
	};
	rootObject = 13576BC1213C3C39002C953D /* Project object */;
}
